{
  "name": "2024-v03-scr-db",
  "version": "1.0.0",
  "lockfileVersion": 3,
  "requires": true,
  "packages": {
    "": {
      "name": "2024-v03-scr-db",
      "version": "1.0.0",
      "license": "ISC",
      "dependencies": {
        "readline-sync": "^1.4.10",
        "uuid": "^9.0.1",
        "uuidv7": "^0.6.3"
      }
    },
    "node_modules/readline-sync": {
      "version": "1.4.10",
      "resolved": "https://registry.npmjs.org/readline-sync/-/readline-sync-1.4.10.tgz",
      "integrity": "sha512-gNva8/6UAe8QYepIQH/jQ2qn91Qj0B9sYjMBBs3QOB8F2CXcKgLxQaJRP76sWVRQt+QU+8fAkCbCvjjMFu7Ycw==",
      "engines": {
        "node": ">= 0.8.0"
      }
    },
    "node_modules/uuid": {
      "version": "9.0.1",
      "resolved": "https://registry.npmjs.org/uuid/-/uuid-9.0.1.tgz",
      "integrity": "sha512-b+1eJOlsR9K8HJpow9Ok3fiWOWSIcIzXodvv0rQjVoOVNpWMpxf1wZNpt4y9h10odCNrqnYp1OBzRktckBe3sA==",
      "funding": [
        "https://github.com/sponsors/broofa",
        "https://github.com/sponsors/ctavan"
      ],
      "bin": {
        "uuid": "dist/bin/uuid"
      }
    },
    "node_modules/uuidv7": {
      "version": "0.6.3",
      "resolved": "https://registry.npmjs.org/uuidv7/-/uuidv7-0.6.3.tgz",
      "integrity": "sha512-zV3eW2NlXTsun/aJ7AixxZjH/byQcH/r3J99MI0dDEkU2cJIBJxhEWUHDTpOaLPRNhebPZoeHuykYREkI9HafA==",
      "bin": {
        "uuidv7": "cli.js"
      }
    }
  }
}
